
Microsoft Visual Studio Solution File, Format Version 12.00
# Visual Studio 15
VisualStudioVersion = 15.0.27004.2009
MinimumVisualStudioVersion = 10.0.40219.1
Project("{FAE04EC0-301F-11D3-BF4B-00C04F79EFBC}") = "DreamCar.Web", "DreamCar.Web\DreamCar.Web.csproj", "{15BB87A2-BE89-4C0C-B9CC-9EE1732C4A1F}"
EndProject
Project("{FAE04EC0-301F-11D3-BF4B-00C04F79EFBC}") = "DreamCar.Data", "DreamCar.Data\DreamCar.Data.csproj", "{A77FA184-C546-4F32-9DD0-C88EC4E67624}"
EndProject
Project("{FAE04EC0-301F-11D3-BF4B-00C04F79EFBC}") = "DreamCar.Models", "DreamCar.Models\DreamCar.Models.csproj", "{EA74998F-B787-40C2-B6F2-CE8FF7706245}"
EndProject
Project("{FAE04EC0-301F-11D3-BF4B-00C04F79EFBC}") = "DreamCar.Core", "DreamCar.Core\DreamCar.Core.csproj", "{1A485F84-3918-40D1-9D59-556612B59576}"
EndProject
Project("{FAE04EC0-301F-11D3-BF4B-00C04F79EFBC}") = "DreamCar.Constants", "DreamCar.Constants\DreamCar.Constants.csproj", "{D76756A6-71A3-4755-8CB0-EE46ACBC9C51}"
EndProject
Global
	GlobalSection(SolutionConfigurationPlatforms) = preSolution
		Debug|Any CPU = Debug|Any CPU
		Release|Any CPU = Release|Any CPU
	EndGlobalSection
	GlobalSection(ProjectConfigurationPlatforms) = postSolution
		{15BB87A2-BE89-4C0C-B9CC-9EE1732C4A1F}.Debug|Any CPU.ActiveCfg = Debug|Any CPU
		{15BB87A2-BE89-4C0C-B9CC-9EE1732C4A1F}.Debug|Any CPU.Build.0 = Debug|Any CPU
		{15BB87A2-BE89-4C0C-B9CC-9EE1732C4A1F}.Release|Any CPU.ActiveCfg = Release|Any CPU
		{15BB87A2-BE89-4C0C-B9CC-9EE1732C4A1F}.Release|Any CPU.Build.0 = Release|Any CPU
		{A77FA184-C546-4F32-9DD0-C88EC4E67624}.Debug|Any CPU.ActiveCfg = Debug|Any CPU
		{A77FA184-C546-4F32-9DD0-C88EC4E67624}.Debug|Any CPU.Build.0 = Debug|Any CPU
		{A77FA184-C546-4F32-9DD0-C88EC4E67624}.Release|Any CPU.ActiveCfg = Release|Any CPU
		{A77FA184-C546-4F32-9DD0-C88EC4E67624}.Release|Any CPU.Build.0 = Release|Any CPU
		{EA74998F-B787-40C2-B6F2-CE8FF7706245}.Debug|Any CPU.ActiveCfg = Debug|Any CPU
		{EA74998F-B787-40C2-B6F2-CE8FF7706245}.Debug|Any CPU.Build.0 = Debug|Any CPU
		{EA74998F-B787-40C2-B6F2-CE8FF7706245}.Release|Any CPU.ActiveCfg = Release|Any CPU
		{EA74998F-B787-40C2-B6F2-CE8FF7706245}.Release|Any CPU.Build.0 = Release|Any CPU
		{1A485F84-3918-40D1-9D59-556612B59576}.Debug|Any CPU.ActiveCfg = Debug|Any CPU
		{1A485F84-3918-40D1-9D59-556612B59576}.Debug|Any CPU.Build.0 = Debug|Any CPU
		{1A485F84-3918-40D1-9D59-556612B59576}.Release|Any CPU.ActiveCfg = Release|Any CPU
		{1A485F84-3918-40D1-9D59-556612B59576}.Release|Any CPU.Build.0 = Release|Any CPU
		{D76756A6-71A3-4755-8CB0-EE46ACBC9C51}.Debug|Any CPU.ActiveCfg = Debug|Any CPU
		{D76756A6-71A3-4755-8CB0-EE46ACBC9C51}.Debug|Any CPU.Build.0 = Debug|Any CPU
		{D76756A6-71A3-4755-8CB0-EE46ACBC9C51}.Release|Any CPU.ActiveCfg = Release|Any CPU
		{D76756A6-71A3-4755-8CB0-EE46ACBC9C51}.Release|Any CPU.Build.0 = Release|Any CPU
	EndGlobalSection
	GlobalSection(SolutionProperties) = preSolution
		HideSolutionNode = FALSE
	EndGlobalSection
	GlobalSection(ExtensibilityGlobals) = postSolution
		SolutionGuid = {C07ABF11-19E6-4893-A95B-FB5F3FC5C6AF}
	EndGlobalSection
EndGlobal
